hash: 8a3e23d63e303c59be7a3dac111e0bd5f5b85302533fbc039a82455e9fbb3d3a
updated: 2016-09-05T08:54:24.593168294-04:00
imports:
- name: github.com/davecgh/go-spew
  version: 6cf5744a041a0022271cefed95ba843f6d87fd51
  subpackages:
  - spew
- name: github.com/eapache/go-resiliency
  version: b86b1ec0dd4209a588dc1285cdd471e73525c0b3
  subpackages:
  - breaker
- name: github.com/eapache/go-xerial-snappy
  version: bb955e01b9346ac19dc29eb16586c90ded99a98c
- name: github.com/eapache/queue
  version: 44cc805cf13205b55f69e14bcb69867d1ae92f98
- name: github.com/golang/protobuf
  version: 1f49d83d9aa00e6ce4fc8258c71cc7786aec968a
  subpackages:
  - proto
- name: github.com/golang/snappy
  version: d9eb7a3d35ec988b8585d4a0068e462c27d28380
- name: github.com/klauspost/crc32
  version: 19b0b332c9e4516a6370a0456e6182c3b5036720
- name: github.com/op/go-logging
  version: b2cb9fa56473e98db8caba80237377e83fe44db5
- name: github.com/Shopify/sarama
  version: bd61cae2be85fa6ff40eb23dcdd24567967ac2ae
- name: golang.org/x/net
  version: 1358eff22f0dd0c54fc521042cc607f6ff4b531a
  subpackages:
  - context
  - http2
  - http2/hpack
  - internal/timeseries
  - lex/httplex
  - trace
- name: google.golang.org/grpc
  version: 0032a855ba5c8a3c8e0d71c2deef354b70af1584
  subpackages:
  - codes
  - credentials
  - grpclog
  - internal
  - metadata
  - naming
  - peer
  - transport
testImports: []
